
Microsoft Visual Studio Solution File, Format Version 11.00
# Visual Studio 2010
Project("{FAE04EC0-301F-11D3-BF4B-00C04F79EFBC}") = "AGCSE", "AGCSE\AGCSE.csproj", "{BCC05F03-2D34-4213-984F-E70D2BA84C66}"
EndProject
Project("{FAE04EC0-301F-11D3-BF4B-00C04F79EFBC}") = "AGCSECON", "AGCSECON\AGCSECON.csproj", "{F0FEDC56-382C-4CFD-A52B-B70BFC575B44}"
	ProjectSection(ProjectDependencies) = postProject
		{BCC05F03-2D34-4213-984F-E70D2BA84C66} = {BCC05F03-2D34-4213-984F-E70D2BA84C66}
		{D22F6003-6F94-49D0-BBC6-762FA2AAC320} = {D22F6003-6F94-49D0-BBC6-762FA2AAC320}
		{7D16A355-0AE5-486F-AD52-FFAC768ED092} = {7D16A355-0AE5-486F-AD52-FFAC768ED092}
		{4E95705D-1045-46B4-8CBA-610B339B9FCA} = {4E95705D-1045-46B4-8CBA-610B339B9FCA}
	EndProjectSection
EndProject
Project("{FAE04EC0-301F-11D3-BF4B-00C04F79EFBC}") = "AGCSECON.Web", "AGCSECON.Web\AGCSECON.Web.csproj", "{F031C6D0-CE22-4669-8BC8-F3EB8E9C4BCD}"
	ProjectSection(ProjectDependencies) = postProject
		{F0FEDC56-382C-4CFD-A52B-B70BFC575B44} = {F0FEDC56-382C-4CFD-A52B-B70BFC575B44}
	EndProjectSection
EndProject
Project("{FAE04EC0-301F-11D3-BF4B-00C04F79EFBC}") = "MSP2003", "MSP2003\MSP2003.csproj", "{D22F6003-6F94-49D0-BBC6-762FA2AAC320}"
EndProject
Project("{FAE04EC0-301F-11D3-BF4B-00C04F79EFBC}") = "MSP2007", "MSP2007\MSP2007.csproj", "{7D16A355-0AE5-486F-AD52-FFAC768ED092}"
EndProject
Project("{FAE04EC0-301F-11D3-BF4B-00C04F79EFBC}") = "MSP2010", "MSP2010\MSP2010.csproj", "{4E95705D-1045-46B4-8CBA-610B339B9FCA}"
EndProject
Global
	GlobalSection(SolutionConfigurationPlatforms) = preSolution
		Debug|Any CPU = Debug|Any CPU
		Release|Any CPU = Release|Any CPU
		SCSCustomer|Any CPU = SCSCustomer|Any CPU
		SCSDemo|Any CPU = SCSDemo|Any CPU
	EndGlobalSection
	GlobalSection(ProjectConfigurationPlatforms) = postSolution
		{BCC05F03-2D34-4213-984F-E70D2BA84C66}.Debug|Any CPU.ActiveCfg = Debug|Any CPU
		{BCC05F03-2D34-4213-984F-E70D2BA84C66}.Debug|Any CPU.Build.0 = Debug|Any CPU
		{BCC05F03-2D34-4213-984F-E70D2BA84C66}.Release|Any CPU.ActiveCfg = Release|Any CPU
		{BCC05F03-2D34-4213-984F-E70D2BA84C66}.Release|Any CPU.Build.0 = Release|Any CPU
		{BCC05F03-2D34-4213-984F-E70D2BA84C66}.SCSCustomer|Any CPU.ActiveCfg = SCSCustomer|Any CPU
		{BCC05F03-2D34-4213-984F-E70D2BA84C66}.SCSCustomer|Any CPU.Build.0 = SCSCustomer|Any CPU
		{BCC05F03-2D34-4213-984F-E70D2BA84C66}.SCSDemo|Any CPU.ActiveCfg = SCSDemo|Any CPU
		{BCC05F03-2D34-4213-984F-E70D2BA84C66}.SCSDemo|Any CPU.Build.0 = SCSDemo|Any CPU
		{F0FEDC56-382C-4CFD-A52B-B70BFC575B44}.Debug|Any CPU.ActiveCfg = Debug|Any CPU
		{F0FEDC56-382C-4CFD-A52B-B70BFC575B44}.Debug|Any CPU.Build.0 = Debug|Any CPU
		{F0FEDC56-382C-4CFD-A52B-B70BFC575B44}.Release|Any CPU.ActiveCfg = Release|Any CPU
		{F0FEDC56-382C-4CFD-A52B-B70BFC575B44}.Release|Any CPU.Build.0 = Release|Any CPU
		{F0FEDC56-382C-4CFD-A52B-B70BFC575B44}.SCSCustomer|Any CPU.ActiveCfg = SCSCustomer|Any CPU
		{F0FEDC56-382C-4CFD-A52B-B70BFC575B44}.SCSCustomer|Any CPU.Build.0 = SCSCustomer|Any CPU
		{F0FEDC56-382C-4CFD-A52B-B70BFC575B44}.SCSDemo|Any CPU.ActiveCfg = SCSDemo|Any CPU
		{F0FEDC56-382C-4CFD-A52B-B70BFC575B44}.SCSDemo|Any CPU.Build.0 = SCSDemo|Any CPU
		{F031C6D0-CE22-4669-8BC8-F3EB8E9C4BCD}.Debug|Any CPU.ActiveCfg = Debug|Any CPU
		{F031C6D0-CE22-4669-8BC8-F3EB8E9C4BCD}.Debug|Any CPU.Build.0 = Debug|Any CPU
		{F031C6D0-CE22-4669-8BC8-F3EB8E9C4BCD}.Release|Any CPU.ActiveCfg = Release|Any CPU
		{F031C6D0-CE22-4669-8BC8-F3EB8E9C4BCD}.Release|Any CPU.Build.0 = Release|Any CPU
		{F031C6D0-CE22-4669-8BC8-F3EB8E9C4BCD}.SCSCustomer|Any CPU.ActiveCfg = SCSCustomer|Any CPU
		{F031C6D0-CE22-4669-8BC8-F3EB8E9C4BCD}.SCSCustomer|Any CPU.Build.0 = SCSCustomer|Any CPU
		{F031C6D0-CE22-4669-8BC8-F3EB8E9C4BCD}.SCSDemo|Any CPU.ActiveCfg = SCSDemo|Any CPU
		{F031C6D0-CE22-4669-8BC8-F3EB8E9C4BCD}.SCSDemo|Any CPU.Build.0 = SCSDemo|Any CPU
		{D22F6003-6F94-49D0-BBC6-762FA2AAC320}.Debug|Any CPU.ActiveCfg = Debug|Any CPU
		{D22F6003-6F94-49D0-BBC6-762FA2AAC320}.Debug|Any CPU.Build.0 = Debug|Any CPU
		{D22F6003-6F94-49D0-BBC6-762FA2AAC320}.Release|Any CPU.ActiveCfg = Release|Any CPU
		{D22F6003-6F94-49D0-BBC6-762FA2AAC320}.Release|Any CPU.Build.0 = Release|Any CPU
		{D22F6003-6F94-49D0-BBC6-762FA2AAC320}.SCSCustomer|Any CPU.ActiveCfg = Release|Any CPU
		{D22F6003-6F94-49D0-BBC6-762FA2AAC320}.SCSCustomer|Any CPU.Build.0 = Release|Any CPU
		{D22F6003-6F94-49D0-BBC6-762FA2AAC320}.SCSDemo|Any CPU.ActiveCfg = Release|Any CPU
		{D22F6003-6F94-49D0-BBC6-762FA2AAC320}.SCSDemo|Any CPU.Build.0 = Release|Any CPU
		{7D16A355-0AE5-486F-AD52-FFAC768ED092}.Debug|Any CPU.ActiveCfg = Debug|Any CPU
		{7D16A355-0AE5-486F-AD52-FFAC768ED092}.Debug|Any CPU.Build.0 = Debug|Any CPU
		{7D16A355-0AE5-486F-AD52-FFAC768ED092}.Release|Any CPU.ActiveCfg = Release|Any CPU
		{7D16A355-0AE5-486F-AD52-FFAC768ED092}.Release|Any CPU.Build.0 = Release|Any CPU
		{7D16A355-0AE5-486F-AD52-FFAC768ED092}.SCSCustomer|Any CPU.ActiveCfg = Release|Any CPU
		{7D16A355-0AE5-486F-AD52-FFAC768ED092}.SCSCustomer|Any CPU.Build.0 = Release|Any CPU
		{7D16A355-0AE5-486F-AD52-FFAC768ED092}.SCSDemo|Any CPU.ActiveCfg = Release|Any CPU
		{7D16A355-0AE5-486F-AD52-FFAC768ED092}.SCSDemo|Any CPU.Build.0 = Release|Any CPU
		{4E95705D-1045-46B4-8CBA-610B339B9FCA}.Debug|Any CPU.ActiveCfg = Debug|Any CPU
		{4E95705D-1045-46B4-8CBA-610B339B9FCA}.Debug|Any CPU.Build.0 = Debug|Any CPU
		{4E95705D-1045-46B4-8CBA-610B339B9FCA}.Release|Any CPU.ActiveCfg = Release|Any CPU
		{4E95705D-1045-46B4-8CBA-610B339B9FCA}.Release|Any CPU.Build.0 = Release|Any CPU
		{4E95705D-1045-46B4-8CBA-610B339B9FCA}.SCSCustomer|Any CPU.ActiveCfg = Release|Any CPU
		{4E95705D-1045-46B4-8CBA-610B339B9FCA}.SCSCustomer|Any CPU.Build.0 = Release|Any CPU
		{4E95705D-1045-46B4-8CBA-610B339B9FCA}.SCSDemo|Any CPU.ActiveCfg = Release|Any CPU
		{4E95705D-1045-46B4-8CBA-610B339B9FCA}.SCSDemo|Any CPU.Build.0 = Release|Any CPU
	EndGlobalSection
	GlobalSection(SolutionProperties) = preSolution
		HideSolutionNode = FALSE
	EndGlobalSection
EndGlobal
